
Microsoft Visual Studio Solution File, Format Version 12.00
# Visual Studio 2013
VisualStudioVersion = 12.0.40629.0
MinimumVisualStudioVersion = 10.0.40219.1
Project("{FAE04EC0-301F-11D3-BF4B-00C04F79EFBC}") = "Investr", "ExcelAddIn1\Investr.csproj", "{DC185586-19E3-420A-A00F-2EF04446BD86}"
EndProject
Global
	GlobalSection(SolutionConfigurationPlatforms) = preSolution
		Debug|Any CPU = Debug|Any CPU
		Release|Any CPU = Release|Any CPU
	EndGlobalSection
	GlobalSection(ProjectConfigurationPlatforms) = postSolution
		{DC185586-19E3-420A-A00F-2EF04446BD86}.Debug|Any CPU.ActiveCfg = Debug|Any CPU
		{DC185586-19E3-420A-A00F-2EF04446BD86}.Debug|Any CPU.Build.0 = Debug|Any CPU
		{DC185586-19E3-420A-A00F-2EF04446BD86}.Release|Any CPU.ActiveCfg = Release|Any CPU
		{DC185586-19E3-420A-A00F-2EF04446BD86}.Release|Any CPU.Build.0 = Release|Any CPU
	EndGlobalSection
	GlobalSection(SolutionProperties) = preSolution
		HideSolutionNode = FALSE
	EndGlobalSection
EndGlobal
